
Microsoft Visual Studio Solution File, Format Version 12.00
# Visual Studio Version 17
VisualStudioVersion = 17.8.34408.163
MinimumVisualStudioVersion = 10.0.40219.1
Project("{FAE04EC0-301F-11D3-BF4B-00C04F79EFBC}") = "appConversion2", "appConversion2\appConversion2.csproj", "{3C1B197C-14D7-4011-B59C-675055D6FE87}"
EndProject
Global
	GlobalSection(SolutionConfigurationPlatforms) = preSolution
		Debug|Any CPU = Debug|Any CPU
		Release|Any CPU = Release|Any CPU
	EndGlobalSection
	GlobalSection(ProjectConfigurationPlatforms) = postSolution
		{3C1B197C-14D7-4011-B59C-675055D6FE87}.Debug|Any CPU.ActiveCfg = Debug|Any CPU
		{3C1B197C-14D7-4011-B59C-675055D6FE87}.Debug|Any CPU.Build.0 = Debug|Any CPU
		{3C1B197C-14D7-4011-B59C-675055D6FE87}.Release|Any CPU.ActiveCfg = Release|Any CPU
		{3C1B197C-14D7-4011-B59C-675055D6FE87}.Release|Any CPU.Build.0 = Release|Any CPU
	EndGlobalSection
	GlobalSection(SolutionProperties) = preSolution
		HideSolutionNode = FALSE
	EndGlobalSection
	GlobalSection(ExtensibilityGlobals) = postSolution
		SolutionGuid = {393FE224-3B13-4909-B1C5-D0313227B77A}
	EndGlobalSection
EndGlobal
